
Microsoft Visual Studio Solution File, Format Version 12.00
# Visual Studio Version 17
VisualStudioVersion = 17.7.34031.279
MinimumVisualStudioVersion = 10.0.40219.1
Project("{9A19103F-16F7-4668-BE54-9A1E7A4F7556}") = "AppBloque", "AppBloque\AppBloque.csproj", "{BA98B005-8DA1-445B-8C4F-CE4298CE947D}"
EndProject
Global
	GlobalSection(SolutionConfigurationPlatforms) = preSolution
		Debug|Any CPU = Debug|Any CPU
		Release|Any CPU = Release|Any CPU
	EndGlobalSection
	GlobalSection(ProjectConfigurationPlatforms) = postSolution
		{BA98B005-8DA1-445B-8C4F-CE4298CE947D}.Debug|Any CPU.ActiveCfg = Debug|Any CPU
		{BA98B005-8DA1-445B-8C4F-CE4298CE947D}.Debug|Any CPU.Build.0 = Debug|Any CPU
		{BA98B005-8DA1-445B-8C4F-CE4298CE947D}.Release|Any CPU.ActiveCfg = Release|Any CPU
		{BA98B005-8DA1-445B-8C4F-CE4298CE947D}.Release|Any CPU.Build.0 = Release|Any CPU
	EndGlobalSection
	GlobalSection(SolutionProperties) = preSolution
		HideSolutionNode = FALSE
	EndGlobalSection
	GlobalSection(ExtensibilityGlobals) = postSolution
		SolutionGuid = {D697B769-C961-41C8-95BD-BC989E05B8F0}
	EndGlobalSection
EndGlobal
